{
  "name": "just-info",
  "version": "0.0.1",
  "lockfileVersion": 3,
  "requires": true,
  "packages": {
    "": {
      "name": "just-info",
      "version": "0.0.1",
      "dependencies": {
        "astro": "^7.2.10"
      },
      "engines": {
        "node": ">=22.12.0"
      }
    },
    "node_modules/@astrojs/compiler": {
      "version": "2.12.2",
      "resolved": "https://registry.npmjs.org/@astrojs/compiler/-/compiler-2.12.2.tgz",
      "integrity": "sha512-Ma3e4L1wX3vV5mG4nWQ3L6fL0f8G7YVQh7Q8m9q1n5G7Zf0b7m9j5c6m3m7Q3g2h4f1j2k3l4m5n6o7p8q9r0s=",
      "license": "MIT"
    }
  }
}
